<Solution>
  <Folder Name="/docs/">
    <File Path="ALTERACOES_RESUMO.md" />
    <File Path="CONFIGURACOES_IIS.md" />
    <File Path="deploy-to-iis.ps1" />
    <File Path="docs/docs/guides/iis-deployment.md" />
    <File Path="IIS_DEPLOYMENT_CHECKLIST.md" />
    <File Path="IIS_DEPLOY_README.md" />
    <File Path="IIS_FILES_INDEX.md" />
    <File Path="IIS_QUICK_REFERENCE.md" />
    <File Path="IIS_SETUP_VISUAL.md" />
    <File Path="INDICE_COMPLETO_IIS.md" />
  </Folder>
  <Folder Name="/Solution Items/">
    <File Path=".editorconfig" />
    <File Path="Directory.Build.props" />
  </Folder>
  <Folder Name="/Src/" />
  <Folder Name="/Src/Api/">
    <Project Path="Src/Api/Evently.Api/Evently.Api.csproj" />
  </Folder>
  <Folder Name="/Src/Modules/" />
  <Folder Name="/Src/Modules/Events/">
    <Project Path="Src/Modules/Events/Evently.Modules.Events.Application/Evently.Modules.Events.Application.csproj" Id="09c6e5ef-87b2-4c46-89cd-9b6b765fb180" />
    <Project Path="Src/Modules/Events/Evently.Modules.Events.Domain/Evently.Modules.Events.Domain.csproj" Id="ac5c90b6-7ac3-4517-89c4-f21222edade6" />
    <Project Path="Src/Modules/Events/Evently.Modules.Events.Infrastructure/Evently.Modules.Events.Infrastructure.csproj" Id="a3b6980e-dcf4-4d5f-844c-067d08aa88fe" />
    <Project Path="Src/Modules/Events/Evently.Modules.Events.Presentation/Evently.Modules.Events.Presentation.csproj" Id="1711959e-a071-459e-b1bb-0c45b6d990bb" />
  </Folder>
  <Project Path="docker-compose.dcproj">
    <Build />
  </Project>
</Solution>
