
Microsoft Visual Studio Solution File, Format Version 12.00
# Visual Studio Version 18
VisualStudioVersion = 18.1.11312.151 d18.0
MinimumVisualStudioVersion = 10.0.40219.1
Project("{2150E333-8FDC-42A3-9474-1A3956D46DE8}") = "Solution Items", "Solution Items", "{B8F848E6-A2A6-4EAE-B063-83CE8EEFBB4C}"
	ProjectSection(SolutionItems) = preProject
		.editorconfig = .editorconfig
		Directory.Build.props = Directory.Build.props
	EndProjectSection
EndProject
Project("{2150E333-8FDC-42A3-9474-1A3956D46DE8}") = "Src", "Src", "{9C9C91D1-FFB0-427C-B7DB-1BE75BC45B75}"
EndProject
Project("{2150E333-8FDC-42A3-9474-1A3956D46DE8}") = "Api", "Api", "{9845BC30-B3D3-42D8-8A55-AC2BEDFC8E03}"
EndProject
Project("{2150E333-8FDC-42A3-9474-1A3956D46DE8}") = "Modules", "Modules", "{08E895D1-2116-4B67-A324-3D8E6B185EE1}"
EndProject
Project("{FAE04EC0-301F-11D3-BF4B-00C04F79EFBC}") = "Evently.Api", "Src\Api\Evently.Api\Evently.Api.csproj", "{2F41A92A-776A-44C4-9ECA-B0EB7154B5CF}"
EndProject
Global
	GlobalSection(SolutionConfigurationPlatforms) = preSolution
		Debug|Any CPU = Debug|Any CPU
		Release|Any CPU = Release|Any CPU
	EndGlobalSection
	GlobalSection(ProjectConfigurationPlatforms) = postSolution
		{2F41A92A-776A-44C4-9ECA-B0EB7154B5CF}.Debug|Any CPU.ActiveCfg = Debug|Any CPU
		{2F41A92A-776A-44C4-9ECA-B0EB7154B5CF}.Debug|Any CPU.Build.0 = Debug|Any CPU
		{2F41A92A-776A-44C4-9ECA-B0EB7154B5CF}.Release|Any CPU.ActiveCfg = Release|Any CPU
		{2F41A92A-776A-44C4-9ECA-B0EB7154B5CF}.Release|Any CPU.Build.0 = Release|Any CPU
	EndGlobalSection
	GlobalSection(SolutionProperties) = preSolution
		HideSolutionNode = FALSE
	EndGlobalSection
	GlobalSection(NestedProjects) = preSolution
		{9845BC30-B3D3-42D8-8A55-AC2BEDFC8E03} = {9C9C91D1-FFB0-427C-B7DB-1BE75BC45B75}
		{08E895D1-2116-4B67-A324-3D8E6B185EE1} = {9C9C91D1-FFB0-427C-B7DB-1BE75BC45B75}
		{2F41A92A-776A-44C4-9ECA-B0EB7154B5CF} = {9845BC30-B3D3-42D8-8A55-AC2BEDFC8E03}
	EndGlobalSection
	GlobalSection(ExtensibilityGlobals) = postSolution
		SolutionGuid = {761B2CE5-B6AE-42A9-A5B4-6244B2FB55B0}
	EndGlobalSection
EndGlobal
